
Microsoft Visual Studio Solution File, Format Version 12.00
# Visual Studio Version 16
VisualStudioVersion = 16.0.30309.148
MinimumVisualStudioVersion = 10.0.40219.1
Project("{FAE04EC0-301F-11D3-BF4B-00C04F79EFBC}") = "FASE2", "FASE2.csproj", "{92C7228A-7904-4561-92C4-0CC4DE47E292}"
EndProject
Global
	GlobalSection(SolutionConfigurationPlatforms) = preSolution
		Debug|Any CPU = Debug|Any CPU
		Release|Any CPU = Release|Any CPU
	EndGlobalSection
	GlobalSection(ProjectConfigurationPlatforms) = postSolution
		{92C7228A-7904-4561-92C4-0CC4DE47E292}.Debug|Any CPU.ActiveCfg = Debug|Any CPU
		{92C7228A-7904-4561-92C4-0CC4DE47E292}.Debug|Any CPU.Build.0 = Debug|Any CPU
		{92C7228A-7904-4561-92C4-0CC4DE47E292}.Release|Any CPU.ActiveCfg = Release|Any CPU
		{92C7228A-7904-4561-92C4-0CC4DE47E292}.Release|Any CPU.Build.0 = Release|Any CPU
	EndGlobalSection
	GlobalSection(SolutionProperties) = preSolution
		HideSolutionNode = FALSE
	EndGlobalSection
	GlobalSection(ExtensibilityGlobals) = postSolution
		SolutionGuid = {12D45E72-C8AF-4235-B897-59E07223F96D}
	EndGlobalSection
EndGlobal
